
Microsoft Visual Studio Solution File, Format Version 11.00
# Visual Studio 2010
Project("{FAE04EC0-301F-11D3-BF4B-00C04F79EFBC}") = "OpenTableRobots", "OpenTableRobots.csproj", "{4412CFAC-D7D5-448C-825D-44F9DB8E5CB9}"
EndProject
Global
	GlobalSection(SolutionConfigurationPlatforms) = preSolution
		Debug|x86 = Debug|x86
		Release|x86 = Release|x86
	EndGlobalSection
	GlobalSection(ProjectConfigurationPlatforms) = postSolution
		{4412CFAC-D7D5-448C-825D-44F9DB8E5CB9}.Debug|x86.ActiveCfg = Debug|x86
		{4412CFAC-D7D5-448C-825D-44F9DB8E5CB9}.Debug|x86.Build.0 = Debug|x86
		{4412CFAC-D7D5-448C-825D-44F9DB8E5CB9}.Release|x86.ActiveCfg = Release|x86
		{4412CFAC-D7D5-448C-825D-44F9DB8E5CB9}.Release|x86.Build.0 = Release|x86
	EndGlobalSection
	GlobalSection(MonoDevelopProperties) = preSolution
		StartupItem = OpenTableRobots.csproj
	EndGlobalSection
EndGlobal
